
Microsoft Visual Studio Solution File, Format Version 12.00
# Visual Studio Version 17
VisualStudioVersion = 17.3.32922.545
MinimumVisualStudioVersion = 10.0.40219.1
Project("{FAE04EC0-301F-11D3-BF4B-00C04F79EFBC}") = "GUI", "GUI\GUI.csproj", "{31B5992A-64C5-4326-A630-8916FBBFA842}"
EndProject
Project("{FAE04EC0-301F-11D3-BF4B-00C04F79EFBC}") = "BLL", "BAL\BLL.csproj", "{A2C1CDB0-9B5B-4475-8A27-0B4EEBE7E3F4}"
EndProject
Project("{FAE04EC0-301F-11D3-BF4B-00C04F79EFBC}") = "DAL", "DAL\DAL.csproj", "{1B3B2ADD-EDB1-47AF-AED0-C70A62B090EE}"
EndProject
Project("{FAE04EC0-301F-11D3-BF4B-00C04F79EFBC}") = "DTO", "DTO\DTO.csproj", "{DD7D7351-2721-4228-BD50-80C0F407B048}"
EndProject
Global
	GlobalSection(SolutionConfigurationPlatforms) = preSolution
		Debug|Any CPU = Debug|Any CPU
		Release|Any CPU = Release|Any CPU
	EndGlobalSection
	GlobalSection(ProjectConfigurationPlatforms) = postSolution
		{31B5992A-64C5-4326-A630-8916FBBFA842}.Debug|Any CPU.ActiveCfg = Debug|Any CPU
		{31B5992A-64C5-4326-A630-8916FBBFA842}.Debug|Any CPU.Build.0 = Debug|Any CPU
		{31B5992A-64C5-4326-A630-8916FBBFA842}.Release|Any CPU.ActiveCfg = Release|Any CPU
		{31B5992A-64C5-4326-A630-8916FBBFA842}.Release|Any CPU.Build.0 = Release|Any CPU
		{A2C1CDB0-9B5B-4475-8A27-0B4EEBE7E3F4}.Debug|Any CPU.ActiveCfg = Debug|Any CPU
		{A2C1CDB0-9B5B-4475-8A27-0B4EEBE7E3F4}.Debug|Any CPU.Build.0 = Debug|Any CPU
		{A2C1CDB0-9B5B-4475-8A27-0B4EEBE7E3F4}.Release|Any CPU.ActiveCfg = Release|Any CPU
		{A2C1CDB0-9B5B-4475-8A27-0B4EEBE7E3F4}.Release|Any CPU.Build.0 = Release|Any CPU
		{1B3B2ADD-EDB1-47AF-AED0-C70A62B090EE}.Debug|Any CPU.ActiveCfg = Debug|Any CPU
		{1B3B2ADD-EDB1-47AF-AED0-C70A62B090EE}.Debug|Any CPU.Build.0 = Debug|Any CPU
		{1B3B2ADD-EDB1-47AF-AED0-C70A62B090EE}.Release|Any CPU.ActiveCfg = Release|Any CPU
		{1B3B2ADD-EDB1-47AF-AED0-C70A62B090EE}.Release|Any CPU.Build.0 = Release|Any CPU
		{DD7D7351-2721-4228-BD50-80C0F407B048}.Debug|Any CPU.ActiveCfg = Debug|Any CPU
		{DD7D7351-2721-4228-BD50-80C0F407B048}.Debug|Any CPU.Build.0 = Debug|Any CPU
		{DD7D7351-2721-4228-BD50-80C0F407B048}.Release|Any CPU.ActiveCfg = Release|Any CPU
		{DD7D7351-2721-4228-BD50-80C0F407B048}.Release|Any CPU.Build.0 = Release|Any CPU
	EndGlobalSection
	GlobalSection(SolutionProperties) = preSolution
		HideSolutionNode = FALSE
	EndGlobalSection
	GlobalSection(ExtensibilityGlobals) = postSolution
		SolutionGuid = {E75C493E-0DB2-4FB9-A7F9-F9E88C0EB42D}
	EndGlobalSection
EndGlobal
